# This file is automatically @generated by Cargo.
# It is not intended for manual editing.
version = 4

[[package]]
name = "biodiff-wfa2-sys"
version = "2.3.5"
source = "registry+https://github.com/rust-lang/crates.io-index"
checksum = "848e8b0d401a288ab0853462f8cc4072ec6447283348c8d1b18e217d0eecae02"
dependencies = [
 "cmake",
 "libc",
]

[[package]]
name = "block-aligner"
version = "0.5.1"
source = "registry+https://github.com/rust-lang/crates.io-index"
checksum = "8986feb1596f749fdcf1046e1b8068dfe802fc45708e6e293b736e4c0bb3b3a5"

[[package]]
name = "cc"
version = "1.4.4"
source = "registry+https://github.com/rust-lang/crates.io-index"
checksum = "0ad534f4357a5264cce5019c989cf66a4f0dc4e0d1b1d15f8aacec0ff7360273"
dependencies = [
 "find-msvc-tools",
 "shlex",
]

[[package]]
name = "cmake"
version = "0.1.58"
source = "registry+https://github.com/rust-lang/crates.io-index"
checksum = "c0f78a02292a74a88ac736019ab962ece0bc380e3f977bf72e376c5d78ff0678"
dependencies = [
 "cc",
]

[[package]]
name = "find-msvc-tools"
version = "0.1.11"
source = "registry+https://github.com/rust-lang/crates.io-index"
checksum = "d45db016d36b838f563236e9193d0ee6ce38f3f68b6c94e914b4929c96bbb890"

[[package]]
name = "isonclust"
version = "0.0.6"
dependencies = [
 "biodiff-wfa2-sys",
 "block-aligner",
]

[[package]]
name = "libc"
version = "0.2.189"
source = "registry+https://github.com/rust-lang/crates.io-index"
checksum = "3eaf3ede3fee6db1a4c2ee091bf8a8b4dccdc6d17f656fb07896ee72867612f2"

[[package]]
name = "shlex"
version = "2.0.1"
source = "registry+https://github.com/rust-lang/crates.io-index"
checksum = "f8fadd59c855ef2080decdef8ff161eb6661b86933c9d82e5ba29dc602a55aba"
